
Microsoft Visual Studio Solution File, Format Version 12.00
# Visual Studio Version 16
VisualStudioVersion = 16.0.29613.14
MinimumVisualStudioVersion = 10.0.40219.1
Project("{9A19103F-16F7-4668-BE54-9A1E7A4F7556}") = "LibraryApi", "LibraryApi\LibraryApi.csproj", "{B7DE0D27-79BB-4D29-9FC8-7F511C42A476}"
EndProject
Project("{9A19103F-16F7-4668-BE54-9A1E7A4F7556}") = "LibraryApiIntegrationTests", "LibraryApiIntegrationTests\LibraryApiIntegrationTests.csproj", "{6FB004CE-ED1F-4C1E-B356-6B93A85652F1}"
EndProject
Project("{FAE04EC0-301F-11D3-BF4B-00C04F79EFBC}") = "ApiClient", "ApiClient\ApiClient.csproj", "{C4522D75-D149-406C-8513-4EC366AB3080}"
EndProject
Project("{9A19103F-16F7-4668-BE54-9A1E7A4F7556}") = "RabbitMqUtils", "bes200-rabbitmqutils\RabbitMqUtils.csproj", "{9947730D-B983-4857-BF1B-C3E1A13C0556}"
EndProject
Global
	GlobalSection(SolutionConfigurationPlatforms) = preSolution
		Debug|Any CPU = Debug|Any CPU
		Release|Any CPU = Release|Any CPU
	EndGlobalSection
	GlobalSection(ProjectConfigurationPlatforms) = postSolution
		{B7DE0D27-79BB-4D29-9FC8-7F511C42A476}.Debug|Any CPU.ActiveCfg = Debug|Any CPU
		{B7DE0D27-79BB-4D29-9FC8-7F511C42A476}.Debug|Any CPU.Build.0 = Debug|Any CPU
		{B7DE0D27-79BB-4D29-9FC8-7F511C42A476}.Release|Any CPU.ActiveCfg = Release|Any CPU
		{B7DE0D27-79BB-4D29-9FC8-7F511C42A476}.Release|Any CPU.Build.0 = Release|Any CPU
		{6FB004CE-ED1F-4C1E-B356-6B93A85652F1}.Debug|Any CPU.ActiveCfg = Debug|Any CPU
		{6FB004CE-ED1F-4C1E-B356-6B93A85652F1}.Debug|Any CPU.Build.0 = Debug|Any CPU
		{6FB004CE-ED1F-4C1E-B356-6B93A85652F1}.Release|Any CPU.ActiveCfg = Release|Any CPU
		{6FB004CE-ED1F-4C1E-B356-6B93A85652F1}.Release|Any CPU.Build.0 = Release|Any CPU
		{C4522D75-D149-406C-8513-4EC366AB3080}.Debug|Any CPU.ActiveCfg = Debug|Any CPU
		{C4522D75-D149-406C-8513-4EC366AB3080}.Debug|Any CPU.Build.0 = Debug|Any CPU
		{C4522D75-D149-406C-8513-4EC366AB3080}.Release|Any CPU.ActiveCfg = Release|Any CPU
		{C4522D75-D149-406C-8513-4EC366AB3080}.Release|Any CPU.Build.0 = Release|Any CPU
		{9947730D-B983-4857-BF1B-C3E1A13C0556}.Debug|Any CPU.ActiveCfg = Debug|Any CPU
		{9947730D-B983-4857-BF1B-C3E1A13C0556}.Debug|Any CPU.Build.0 = Debug|Any CPU
		{9947730D-B983-4857-BF1B-C3E1A13C0556}.Release|Any CPU.ActiveCfg = Release|Any CPU
		{9947730D-B983-4857-BF1B-C3E1A13C0556}.Release|Any CPU.Build.0 = Release|Any CPU
	EndGlobalSection
	GlobalSection(SolutionProperties) = preSolution
		HideSolutionNode = FALSE
	EndGlobalSection
	GlobalSection(ExtensibilityGlobals) = postSolution
		SolutionGuid = {63236BD2-8168-4A0D-99F4-DCBA78729B40}
	EndGlobalSection
EndGlobal
